// !$*UTF8*$!
{
	archiveVersion = 1;
	classes = {
	};
	objectVersion = 46;
	objects = {

/* Begin PBXBuildFile section */
		6478935ECEE45ACE3DEAA119 /* Pods_DYZB.framework in Frameworks */ = {isa = PBXBuildFile; fileRef = 56F9B0C29F4F28F520CFEEDC /* Pods_DYZB.framework */; };
		BA1D87DE1F3DD380004957A9 /* AppDelegate.swift in Sources */ = {isa = PBXBuildFile; fileRef = BA1D87DD1F3DD380004957A9 /* AppDelegate.swift */; };
		BA1D87E31F3DD380004957A9 /* Main.storyboard in Resources */ = {isa = PBXBuildFile; fileRef = BA1D87E11F3DD380004957A9 /* Main.storyboard */; };
		BA1D87E51F3DD380004957A9 /* Assets.xcassets in Resources */ = {isa = PBXBuildFile; fileRef = BA1D87E41F3DD380004957A9 /* Assets.xcassets */; };
		BA1D87E81F3DD380004957A9 /* LaunchScreen.storyboard in Resources */ = {isa = PBXBuildFile; fileRef = BA1D87E61F3DD380004957A9 /* LaunchScreen.storyboard */; };
		BA1D87F31F3DD380004957A9 /* DYZBTests.swift in Sources */ = {isa = PBXBuildFile; fileRef = BA1D87F21F3DD380004957A9 /* DYZBTests.swift */; };
		BA1D87FE1F3DD380004957A9 /* DYZBUITests.swift in Sources */ = {isa = PBXBuildFile; fileRef = BA1D87FD1F3DD380004957A9 /* DYZBUITests.swift */; };
		BA1D882D1F42D520004957A9 /* Live.storyboard in Resources */ = {isa = PBXBuildFile; fileRef = BA1D882C1F42D520004957A9 /* Live.storyboard */; };
		BA1D882F1F42D55A004957A9 /* Home.storyboard in Resources */ = {isa = PBXBuildFile; fileRef = BA1D882E1F42D55A004957A9 /* Home.storyboard */; };
		BA1D88311F42D563004957A9 /* Follow.storyboard in Resources */ = {isa = PBXBuildFile; fileRef = BA1D88301F42D563004957A9 /* Follow.storyboard */; };
		BA1D88331F42D56A004957A9 /* Profile.storyboard in Resources */ = {isa = PBXBuildFile; fileRef = BA1D88321F42D56A004957A9 /* Profile.storyboard */; };
		BA1D88381F42F46B004957A9 /* HomeViewController.swift in Sources */ = {isa = PBXBuildFile; fileRef = BA1D88371F42F46B004957A9 /* HomeViewController.swift */; };
		BA1D883B1F43196D004957A9 /* UIBarButtonItem-Extension.swift in Sources */ = {isa = PBXBuildFile; fileRef = BA1D883A1F43196D004957A9 /* UIBarButtonItem-Extension.swift */; };
		BA1D883D1F441B98004957A9 /* PageTitleView.swift in Sources */ = {isa = PBXBuildFile; fileRef = BA1D883C1F441B98004957A9 /* PageTitleView.swift */; };
		BA1D883F1F443E0F004957A9 /* Common.swift in Sources */ = {isa = PBXBuildFile; fileRef = BA1D883E1F443E0F004957A9 /* Common.swift */; };
		BA1D88411F45A4DD004957A9 /* PageContentView.swift in Sources */ = {isa = PBXBuildFile; fileRef = BA1D88401F45A4DD004957A9 /* PageContentView.swift */; };
		BA1D88431F45A822004957A9 /* UIColor-Extension.swift in Sources */ = {isa = PBXBuildFile; fileRef = BA1D88421F45A822004957A9 /* UIColor-Extension.swift */; };
		BA5F89411F821637002C857C /* AmuseMenuView.swift in Sources */ = {isa = PBXBuildFile; fileRef = BA5F89401F821637002C857C /* AmuseMenuView.swift */; };
		BA5F89431F821658002C857C /* AmuseMenuView.xib in Resources */ = {isa = PBXBuildFile; fileRef = BA5F89421F821658002C857C /* AmuseMenuView.xib */; };
		BA5F89461F822737002C857C /* AmuseMenuViewCell.swift in Sources */ = {isa = PBXBuildFile; fileRef = BA5F89441F822737002C857C /* AmuseMenuViewCell.swift */; };
		BA5F89471F822737002C857C /* AmuseMenuViewCell.xib in Resources */ = {isa = PBXBuildFile; fileRef = BA5F89451F822737002C857C /* AmuseMenuViewCell.xib */; };
		BA5F89491F82386B002C857C /* FunnyViewController.swift in Sources */ = {isa = PBXBuildFile; fileRef = BA5F89481F82386B002C857C /* FunnyViewController.swift */; };
		BA5F894B1F8A1DD7002C857C /* FunnyViewModel.swift in Sources */ = {isa = PBXBuildFile; fileRef = BA5F894A1F8A1DD7002C857C /* FunnyViewModel.swift */; };
		BA5F894D1F8CAB28002C857C /* BaseViewController.swift in Sources */ = {isa = PBXBuildFile; fileRef = BA5F894C1F8CAB28002C857C /* BaseViewController.swift */; };
		BA9BFCE91F657C9900094866 /* CollectionNormalCell.swift in Sources */ = {isa = PBXBuildFile; fileRef = BA9BFCE71F657C9900094866 /* CollectionNormalCell.swift */; };
		BA9BFCEA1F657C9900094866 /* CollectionNormalCell.xib in Resources */ = {isa = PBXBuildFile; fileRef = BA9BFCE81F657C9900094866 /* CollectionNormalCell.xib */; };
		BA9BFCED1F66B75400094866 /* CollectionPrettyCell.swift in Sources */ = {isa = PBXBuildFile; fileRef = BA9BFCEB1F66B75400094866 /* CollectionPrettyCell.swift */; };
		BA9BFCEE1F66B75400094866 /* CollectionPrettyCell.xib in Resources */ = {isa = PBXBuildFile; fileRef = BA9BFCEC1F66B75400094866 /* CollectionPrettyCell.xib */; };
		BAA97DF71F6907B0009370B6 /* NetworkTools.swift in Sources */ = {isa = PBXBuildFile; fileRef = BAA97DF61F6907B0009370B6 /* NetworkTools.swift */; };
		BAA97DFA1F6A5BDC009370B6 /* RecommendViewModel.swift in Sources */ = {isa = PBXBuildFile; fileRef = BAA97DF91F6A5BDC009370B6 /* RecommendViewModel.swift */; };
		BAA97DFC1F6B8B10009370B6 /* NSDate-Extension.swift in Sources */ = {isa = PBXBuildFile; fileRef = BAA97DFB1F6B8B10009370B6 /* NSDate-Extension.swift */; };
		BAA97DFE1F6BA95A009370B6 /* AnchorGroup.swift in Sources */ = {isa = PBXBuildFile; fileRef = BAA97DFD1F6BA95A009370B6 /* AnchorGroup.swift */; };
		BAA97E001F6BED63009370B6 /* AnchorModel.swift in Sources */ = {isa = PBXBuildFile; fileRef = BAA97DFF1F6BED63009370B6 /* AnchorModel.swift */; };
		BAA97E021F712AC7009370B6 /* CollectionBaseCell.swift in Sources */ = {isa = PBXBuildFile; fileRef = BAA97E011F712AC7009370B6 /* CollectionBaseCell.swift */; };
		BAA97E041F72039F009370B6 /* RecommendCycleView.swift in Sources */ = {isa = PBXBuildFile; fileRef = BAA97E031F72039F009370B6 /* RecommendCycleView.swift */; };
		BAA97E061F7203CB009370B6 /* RecommendCycleView.xib in Resources */ = {isa = PBXBuildFile; fileRef = BAA97E051F7203CB009370B6 /* RecommendCycleView.xib */; };
		BAA97E081F726AA1009370B6 /* CycleModel.swift in Sources */ = {isa = PBXBuildFile; fileRef = BAA97E071F726AA1009370B6 /* CycleModel.swift */; };
		BAA97E0A1F726F73009370B6 /* CollectionCycleCell.swift in Sources */ = {isa = PBXBuildFile; fileRef = BAA97E091F726F73009370B6 /* CollectionCycleCell.swift */; };
		BAA97E0C1F726F93009370B6 /* CollectionCycleCell.xib in Resources */ = {isa = PBXBuildFile; fileRef = BAA97E0B1F726F93009370B6 /* CollectionCycleCell.xib */; };
		BAA97E0E1F73660E009370B6 /* RecommendGameView.swift in Sources */ = {isa = PBXBuildFile; fileRef = BAA97E0D1F73660E009370B6 /* RecommendGameView.swift */; };
		BAA97E101F736621009370B6 /* RecommendGameView.xib in Resources */ = {isa = PBXBuildFile; fileRef = BAA97E0F1F736621009370B6 /* RecommendGameView.xib */; };
		BAA97E131F736B12009370B6 /* CollectionGameCell.swift in Sources */ = {isa = PBXBuildFile; fileRef = BAA97E111F736B12009370B6 /* CollectionGameCell.swift */; };
		BAA97E141F736B12009370B6 /* CollectionGameCell.xib in Resources */ = {isa = PBXBuildFile; fileRef = BAA97E121F736B12009370B6 /* CollectionGameCell.xib */; };
		BAA97E161F793D51009370B6 /* GameViewController.swift in Sources */ = {isa = PBXBuildFile; fileRef = BAA97E151F793D51009370B6 /* GameViewController.swift */; };
		BAA97E181F7946E4009370B6 /* GameViewModel.swift in Sources */ = {isa = PBXBuildFile; fileRef = BAA97E171F7946E4009370B6 /* GameViewModel.swift */; };
		BAA97E1A1F794918009370B6 /* GameModel.swift in Sources */ = {isa = PBXBuildFile; fileRef = BAA97E191F794918009370B6 /* GameModel.swift */; };
		BAA97E1C1F794A7B009370B6 /* BaseGameModel.swift in Sources */ = {isa = PBXBuildFile; fileRef = BAA97E1B1F794A7B009370B6 /* BaseGameModel.swift */; };
		BAA97E1E1F7E6FD0009370B6 /* AmuseViewController.swift in Sources */ = {isa = PBXBuildFile; fileRef = BAA97E1D1F7E6FD0009370B6 /* AmuseViewController.swift */; };
		BAA97E201F8145CB009370B6 /* AmuseViewModel.swift in Sources */ = {isa = PBXBuildFile; fileRef = BAA97E1F1F8145CB009370B6 /* AmuseViewModel.swift */; };
		BAA97E231F814B12009370B6 /* BaseViewModel.swift in Sources */ = {isa = PBXBuildFile; fileRef = BAA97E221F814B12009370B6 /* BaseViewModel.swift */; };
		BAA97E251F814FF9009370B6 /* BaseAnchorViewController.swift in Sources */ = {isa = PBXBuildFile; fileRef = BAA97E241F814FF9009370B6 /* BaseAnchorViewController.swift */; };
		BAAD803D1F5ECE5200CF02D2 /* RecommendViewController.swift in Sources */ = {isa = PBXBuildFile; fileRef = BAAD803C1F5ECE5200CF02D2 /* RecommendViewController.swift */; };
		BAAD803F1F5F92DB00CF02D2 /* CollectionHeaderView.swift in Sources */ = {isa = PBXBuildFile; fileRef = BAAD803E1F5F92DB00CF02D2 /* CollectionHeaderView.swift */; };
		BAAD80411F5F930400CF02D2 /* CollectionHeaderView.xib in Resources */ = {isa = PBXBuildFile; fileRef = BAAD80401F5F930400CF02D2 /* CollectionHeaderView.xib */; };
/* End PBXBuildFile section */

/* Begin PBXContainerItemProxy section */
		BA1D87EF1F3DD380004957A9 /* PBXContainerItemProxy */ = {
			isa = PBXContainerItemProxy;
			containerPortal = BA1D87D21F3DD380004957A9 /* Project object */;
			proxyType = 1;
			remoteGlobalIDString = BA1D87D91F3DD380004957A9;
			remoteInfo = DYZB;
		};
		BA1D87FA1F3DD380004957A9 /* PBXContainerItemProxy */ = {
			isa = PBXContainerItemProxy;
			containerPortal = BA1D87D21F3DD380004957A9 /* Project object */;
			proxyType = 1;
			remoteGlobalIDString = BA1D87D91F3DD380004957A9;
			remoteInfo = DYZB;
		};
/* End PBXContainerItemProxy section */

/* Begin PBXFileReference section */
		56F9B0C29F4F28F520CFEEDC /* Pods_DYZB.framework */ = {isa = PBXFileReference; explicitFileType = wrapper.framework; includeInIndex = 0; path = Pods_DYZB.framework; sourceTree = BUILT_PRODUCTS_DIR; };
		6A06F1A8AA2E75726BAA61EB /* Pods-DYZB.debug.xcconfig */ = {isa = PBXFileReference; includeInIndex = 1; lastKnownFileType = text.xcconfig; name = "Pods-DYZB.debug.xcconfig"; path = "Pods/Target Support Files/Pods-DYZB/Pods-DYZB.debug.xcconfig"; sourceTree = "<group>"; };
		977ACFF370C80120BB061E05 /* Pods-DYZB.release.xcconfig */ = {isa = PBXFileReference; includeInIndex = 1; lastKnownFileType = text.xcconfig; name = "Pods-DYZB.release.xcconfig"; path = "Pods/Target Support Files/Pods-DYZB/Pods-DYZB.release.xcconfig"; sourceTree = "<group>"; };
		BA1D87DA1F3DD380004957A9 /* DYZB.app */ = {isa = PBXFileReference; explicitFileType = wrapper.application; includeInIndex = 0; path = DYZB.app; sourceTree = BUILT_PRODUCTS_DIR; };
		BA1D87DD1F3DD380004957A9 /* AppDelegate.swift */ = {isa = PBXFileReference; lastKnownFileType = sourcecode.swift; path = AppDelegate.swift; sourceTree = "<group>"; };
		BA1D87E21F3DD380004957A9 /* Base */ = {isa = PBXFileReference; lastKnownFileType = file.storyboard; name = Base; path = Base.lproj/Main.storyboard; sourceTree = "<group>"; };
		BA1D87E41F3DD380004957A9 /* Assets.xcassets */ = {isa = PBXFileReference; lastKnownFileType = folder.assetcatalog; path = Assets.xcassets; sourceTree = "<group>"; };
		BA1D87E71F3DD380004957A9 /* Base */ = {isa = PBXFileReference; lastKnownFileType = file.storyboard; name = Base; path = Base.lproj/LaunchScreen.storyboard; sourceTree = "<group>"; };
		BA1D87E91F3DD380004957A9 /* Info.plist */ = {isa = PBXFileReference; lastKnownFileType = text.plist.xml; path = Info.plist; sourceTree = "<group>"; };
		BA1D87EE1F3DD380004957A9 /* DYZBTests.xctest */ = {isa = PBXFileReference; explicitFileType = wrapper.cfbundle; includeInIndex = 0; path = DYZBTests.xctest; sourceTree = BUILT_PRODUCTS_DIR; };
		BA1D87F21F3DD380004957A9 /* DYZBTests.swift */ = {isa = PBXFileReference; lastKnownFileType = sourcecode.swift; path = DYZBTests.swift; sourceTree = "<group>"; };
		BA1D87F41F3DD380004957A9 /* Info.plist */ = {isa = PBXFileReference; lastKnownFileType = text.plist.xml; path = Info.plist; sourceTree = "<group>"; };
		BA1D87F91F3DD380004957A9 /* DYZBUITests.xctest */ = {isa = PBXFileReference; explicitFileType = wrapper.cfbundle; includeInIndex = 0; path = DYZBUITests.xctest; sourceTree = BUILT_PRODUCTS_DIR; };
		BA1D87FD1F3DD380004957A9 /* DYZBUITests.swift */ = {isa = PBXFileReference; lastKnownFileType = sourcecode.swift; path = DYZBUITests.swift; sourceTree = "<group>"; };
		BA1D87FF1F3DD380004957A9 /* Info.plist */ = {isa = PBXFileReference; lastKnownFileType = text.plist.xml; path = Info.plist; sourceTree = "<group>"; };
		BA1D882C1F42D520004957A9 /* Live.storyboard */ = {isa = PBXFileReference; fileEncoding = 4; lastKnownFileType = file.storyboard; path = Live.storyboard; sourceTree = "<group>"; };
		BA1D882E1F42D55A004957A9 /* Home.storyboard */ = {isa = PBXFileReference; fileEncoding = 4; lastKnownFileType = file.storyboard; path = Home.storyboard; sourceTree = "<group>"; };
		BA1D88301F42D563004957A9 /* Follow.storyboard */ = {isa = PBXFileReference; fileEncoding = 4; lastKnownFileType = file.storyboard; path = Follow.storyboard; sourceTree = "<group>"; };
		BA1D88321F42D56A004957A9 /* Profile.storyboard */ = {isa = PBXFileReference; fileEncoding = 4; lastKnownFileType = file.storyboard; path = Profile.storyboard; sourceTree = "<group>"; };
		BA1D88371F42F46B004957A9 /* HomeViewController.swift */ = {isa = PBXFileReference; fileEncoding = 4; lastKnownFileType = sourcecode.swift; path = HomeViewController.swift; sourceTree = "<group>"; };
		BA1D883A1F43196D004957A9 /* UIBarButtonItem-Extension.swift */ = {isa = PBXFileReference; fileEncoding = 4; lastKnownFileType = sourcecode.swift; path = "UIBarButtonItem-Extension.swift"; sourceTree = "<group>"; };
		BA1D883C1F441B98004957A9 /* PageTitleView.swift */ = {isa = PBXFileReference; fileEncoding = 4; lastKnownFileType = sourcecode.swift; path = PageTitleView.swift; sourceTree = "<group>"; };
		BA1D883E1F443E0F004957A9 /* Common.swift */ = {isa = PBXFileReference; fileEncoding = 4; lastKnownFileType = sourcecode.swift; path = Common.swift; sourceTree = "<group>"; };
		BA1D88401F45A4DD004957A9 /* PageContentView.swift */ = {isa = PBXFileReference; fileEncoding = 4; lastKnownFileType = sourcecode.swift; path = PageContentView.swift; sourceTree = "<group>"; };
		BA1D88421F45A822004957A9 /* UIColor-Extension.swift */ = {isa = PBXFileReference; fileEncoding = 4; lastKnownFileType = sourcecode.swift; path = "UIColor-Extension.swift"; sourceTree = "<group>"; };
		BA5F89401F821637002C857C /* AmuseMenuView.swift */ = {isa = PBXFileReference; fileEncoding = 4; lastKnownFileType = sourcecode.swift; path = AmuseMenuView.swift; sourceTree = "<group>"; };
		BA5F89421F821658002C857C /* AmuseMenuView.xib */ = {isa = PBXFileReference; fileEncoding = 4; lastKnownFileType = file.xib; path = AmuseMenuView.xib; sourceTree = "<group>"; };
		BA5F89441F822737002C857C /* AmuseMenuViewCell.swift */ = {isa = PBXFileReference; fileEncoding = 4; lastKnownFileType = sourcecode.swift; path = AmuseMenuViewCell.swift; sourceTree = "<group>"; };
		BA5F89451F822737002C857C /* AmuseMenuViewCell.xib */ = {isa = PBXFileReference; fileEncoding = 4; lastKnownFileType = file.xib; path = AmuseMenuViewCell.xib; sourceTree = "<group>"; };
		BA5F89481F82386B002C857C /* FunnyViewController.swift */ = {isa = PBXFileReference; fileEncoding = 4; lastKnownFileType = sourcecode.swift; path = FunnyViewController.swift; sourceTree = "<group>"; };
		BA5F894A1F8A1DD7002C857C /* FunnyViewModel.swift */ = {isa = PBXFileReference; fileEncoding = 4; lastKnownFileType = sourcecode.swift; path = FunnyViewModel.swift; sourceTree = "<group>"; };
		BA5F894C1F8CAB28002C857C /* BaseViewController.swift */ = {isa = PBXFileReference; fileEncoding = 4; lastKnownFileType = sourcecode.swift; path = BaseViewController.swift; sourceTree = "<group>"; };
		BA9BFCE71F657C9900094866 /* CollectionNormalCell.swift */ = {isa = PBXFileReference; fileEncoding = 4; lastKnownFileType = sourcecode.swift; path = CollectionNormalCell.swift; sourceTree = "<group>"; };
		BA9BFCE81F657C9900094866 /* CollectionNormalCell.xib */ = {isa = PBXFileReference; fileEncoding = 4; lastKnownFileType = file.xib; path = CollectionNormalCell.xib; sourceTree = "<group>"; };
		BA9BFCEB1F66B75400094866 /* CollectionPrettyCell.swift */ = {isa = PBXFileReference; fileEncoding = 4; lastKnownFileType = sourcecode.swift; path = CollectionPrettyCell.swift; sourceTree = "<group>"; };
		BA9BFCEC1F66B75400094866 /* CollectionPrettyCell.xib */ = {isa = PBXFileReference; fileEncoding = 4; lastKnownFileType = file.xib; path = CollectionPrettyCell.xib; sourceTree = "<group>"; };
		BAA97DF61F6907B0009370B6 /* NetworkTools.swift */ = {isa = PBXFileReference; fileEncoding = 4; lastKnownFileType = sourcecode.swift; path = NetworkTools.swift; sourceTree = "<group>"; };
		BAA97DF91F6A5BDC009370B6 /* RecommendViewModel.swift */ = {isa = PBXFileReference; fileEncoding = 4; lastKnownFileType = sourcecode.swift; path = RecommendViewModel.swift; sourceTree = "<group>"; };
		BAA97DFB1F6B8B10009370B6 /* NSDate-Extension.swift */ = {isa = PBXFileReference; fileEncoding = 4; lastKnownFileType = sourcecode.swift; path = "NSDate-Extension.swift"; sourceTree = "<group>"; };
		BAA97DFD1F6BA95A009370B6 /* AnchorGroup.swift */ = {isa = PBXFileReference; fileEncoding = 4; lastKnownFileType = sourcecode.swift; path = AnchorGroup.swift; sourceTree = "<group>"; };
		BAA97DFF1F6BED63009370B6 /* AnchorModel.swift */ = {isa = PBXFileReference; fileEncoding = 4; lastKnownFileType = sourcecode.swift; path = AnchorModel.swift; sourceTree = "<group>"; };
		BAA97E011F712AC7009370B6 /* CollectionBaseCell.swift */ = {isa = PBXFileReference; fileEncoding = 4; lastKnownFileType = sourcecode.swift; path = CollectionBaseCell.swift; sourceTree = "<group>"; };
		BAA97E031F72039F009370B6 /* RecommendCycleView.swift */ = {isa = PBXFileReference; fileEncoding = 4; lastKnownFileType = sourcecode.swift; path = RecommendCycleView.swift; sourceTree = "<group>"; };
		BAA97E051F7203CB009370B6 /* RecommendCycleView.xib */ = {isa = PBXFileReference; fileEncoding = 4; lastKnownFileType = file.xib; path = RecommendCycleView.xib; sourceTree = "<group>"; };
		BAA97E071F726AA1009370B6 /* CycleModel.swift */ = {isa = PBXFileReference; fileEncoding = 4; lastKnownFileType = sourcecode.swift; path = CycleModel.swift; sourceTree = "<group>"; };
		BAA97E091F726F73009370B6 /* CollectionCycleCell.swift */ = {isa = PBXFileReference; fileEncoding = 4; lastKnownFileType = sourcecode.swift; path = CollectionCycleCell.swift; sourceTree = "<group>"; };
		BAA97E0B1F726F93009370B6 /* CollectionCycleCell.xib */ = {isa = PBXFileReference; fileEncoding = 4; lastKnownFileType = file.xib; path = CollectionCycleCell.xib; sourceTree = "<group>"; };
		BAA97E0D1F73660E009370B6 /* RecommendGameView.swift */ = {isa = PBXFileReference; fileEncoding = 4; lastKnownFileType = sourcecode.swift; path = RecommendGameView.swift; sourceTree = "<group>"; };
		BAA97E0F1F736621009370B6 /* RecommendGameView.xib */ = {isa = PBXFileReference; fileEncoding = 4; lastKnownFileType = file.xib; path = RecommendGameView.xib; sourceTree = "<group>"; };
		BAA97E111F736B12009370B6 /* CollectionGameCell.swift */ = {isa = PBXFileReference; fileEncoding = 4; lastKnownFileType = sourcecode.swift; path = CollectionGameCell.swift; sourceTree = "<group>"; };
		BAA97E121F736B12009370B6 /* CollectionGameCell.xib */ = {isa = PBXFileReference; fileEncoding = 4; lastKnownFileType = file.xib; path = CollectionGameCell.xib; sourceTree = "<group>"; };
		BAA97E151F793D51009370B6 /* GameViewController.swift */ = {isa = PBXFileReference; fileEncoding = 4; lastKnownFileType = sourcecode.swift; path = GameViewController.swift; sourceTree = "<group>"; };
		BAA97E171F7946E4009370B6 /* GameViewModel.swift */ = {isa = PBXFileReference; fileEncoding = 4; lastKnownFileType = sourcecode.swift; path = GameViewModel.swift; sourceTree = "<group>"; };
		BAA97E191F794918009370B6 /* GameModel.swift */ = {isa = PBXFileReference; fileEncoding = 4; lastKnownFileType = sourcecode.swift; path = GameModel.swift; sourceTree = "<group>"; };
		BAA97E1B1F794A7B009370B6 /* BaseGameModel.swift */ = {isa = PBXFileReference; fileEncoding = 4; lastKnownFileType = sourcecode.swift; path = BaseGameModel.swift; sourceTree = "<group>"; };
		BAA97E1D1F7E6FD0009370B6 /* AmuseViewController.swift */ = {isa = PBXFileReference; fileEncoding = 4; lastKnownFileType = sourcecode.swift; path = AmuseViewController.swift; sourceTree = "<group>"; };
		BAA97E1F1F8145CB009370B6 /* AmuseViewModel.swift */ = {isa = PBXFileReference; fileEncoding = 4; lastKnownFileType = sourcecode.swift; path = AmuseViewModel.swift; sourceTree = "<group>"; };
		BAA97E221F814B12009370B6 /* BaseViewModel.swift */ = {isa = PBXFileReference; fileEncoding = 4; lastKnownFileType = sourcecode.swift; path = BaseViewModel.swift; sourceTree = "<group>"; };
		BAA97E241F814FF9009370B6 /* BaseAnchorViewController.swift */ = {isa = PBXFileReference; fileEncoding = 4; lastKnownFileType = sourcecode.swift; path = BaseAnchorViewController.swift; sourceTree = "<group>"; };
		BAAD803C1F5ECE5200CF02D2 /* RecommendViewController.swift */ = {isa = PBXFileReference; fileEncoding = 4; lastKnownFileType = sourcecode.swift; path = RecommendViewController.swift; sourceTree = "<group>"; };
		BAAD803E1F5F92DB00CF02D2 /* CollectionHeaderView.swift */ = {isa = PBXFileReference; fileEncoding = 4; lastKnownFileType = sourcecode.swift; path = CollectionHeaderView.swift; sourceTree = "<group>"; };
		BAAD80401F5F930400CF02D2 /* CollectionHeaderView.xib */ = {isa = PBXFileReference; fileEncoding = 4; lastKnownFileType = file.xib; path = CollectionHeaderView.xib; sourceTree = "<group>"; };
/* End PBXFileReference section */

/* Begin PBXFrameworksBuildPhase section */
		BA1D87D71F3DD380004957A9 /* Frameworks */ = {
			isa = PBXFrameworksBuildPhase;
			buildActionMask = 2147483647;
			files = (
				6478935ECEE45ACE3DEAA119 /* Pods_DYZB.framework in Frameworks */,
			);
			runOnlyForDeploymentPostprocessing = 0;
		};
		BA1D87EB1F3DD380004957A9 /* Frameworks */ = {
			isa = PBXFrameworksBuildPhase;
			buildActionMask = 2147483647;
			files = (
			);
			runOnlyForDeploymentPostprocessing = 0;
		};
		BA1D87F61F3DD380004957A9 /* Frameworks */ = {
			isa = PBXFrameworksBuildPhase;
			buildActionMask = 2147483647;
			files = (
			);
			runOnlyForDeploymentPostprocessing = 0;
		};
/* End PBXFrameworksBuildPhase section */

/* Begin PBXGroup section */
		5A62C87AB0ACC3BD3D8A1423 /* Pods */ = {
			isa = PBXGroup;
			children = (
				6A06F1A8AA2E75726BAA61EB /* Pods-DYZB.debug.xcconfig */,
				977ACFF370C80120BB061E05 /* Pods-DYZB.release.xcconfig */,
			);
			name = Pods;
			sourceTree = "<group>";
		};
		87152B9BD149D986631456E6 /* Frameworks */ = {
			isa = PBXGroup;
			children = (
				56F9B0C29F4F28F520CFEEDC /* Pods_DYZB.framework */,
			);
			name = Frameworks;
			sourceTree = "<group>";
		};
		BA1D87D11F3DD380004957A9 = {
			isa = PBXGroup;
			children = (
				BA1D87DC1F3DD380004957A9 /* DYZB */,
				BA1D87F11F3DD380004957A9 /* DYZBTests */,
				BA1D87FC1F3DD380004957A9 /* DYZBUITests */,
				BA1D87DB1F3DD380004957A9 /* Products */,
				5A62C87AB0ACC3BD3D8A1423 /* Pods */,
				87152B9BD149D986631456E6 /* Frameworks */,
			);
			sourceTree = "<group>";
		};
		BA1D87DB1F3DD380004957A9 /* Products */ = {
			isa = PBXGroup;
			children = (
				BA1D87DA1F3DD380004957A9 /* DYZB.app */,
				BA1D87EE1F3DD380004957A9 /* DYZBTests.xctest */,
				BA1D87F91F3DD380004957A9 /* DYZBUITests.xctest */,
			);
			name = Products;
			sourceTree = "<group>";
		};
		BA1D87DC1F3DD380004957A9 /* DYZB */ = {
			isa = PBXGroup;
			children = (
				BA1D880F1F3EA0C5004957A9 /* Classes */,
				BA1D87DD1F3DD380004957A9 /* AppDelegate.swift */,
				BA1D87E41F3DD380004957A9 /* Assets.xcassets */,
				BA1D87E61F3DD380004957A9 /* LaunchScreen.storyboard */,
				BA1D87E91F3DD380004957A9 /* Info.plist */,
			);
			path = DYZB;
			sourceTree = "<group>";
		};
		BA1D87F11F3DD380004957A9 /* DYZBTests */ = {
			isa = PBXGroup;
			children = (
				BA1D87F21F3DD380004957A9 /* DYZBTests.swift */,
				BA1D87F41F3DD380004957A9 /* Info.plist */,
			);
			path = DYZBTests;
			sourceTree = "<group>";
		};
		BA1D87FC1F3DD380004957A9 /* DYZBUITests */ = {
			isa = PBXGroup;
			children = (
				BA1D87FD1F3DD380004957A9 /* DYZBUITests.swift */,
				BA1D87FF1F3DD380004957A9 /* Info.plist */,
			);
			path = DYZBUITests;
			sourceTree = "<group>";
		};
		BA1D880F1F3EA0C5004957A9 /* Classes */ = {
			isa = PBXGroup;
			children = (
				BA1D88131F3EA0C5004957A9 /* Main */,
				BA1D88111F3EA0C5004957A9 /* Home */,
				BA1D88121F3EA0C5004957A9 /* Live */,
				BA1D88101F3EA0C5004957A9 /* Follow */,
				BA1D88141F3EA0C5004957A9 /* Profile */,
				BA1D88151F3EA0C5004957A9 /* Tools */,
			);
			path = Classes;
			sourceTree = "<group>";
		};
		BA1D88101F3EA0C5004957A9 /* Follow */ = {
			isa = PBXGroup;
			children = (
				BA1D88261F42CF97004957A9 /* Controller */,
				BA1D88271F42CF97004957A9 /* Model */,
				BA1D88281F42CF97004957A9 /* View */,
			);
			path = Follow;
			sourceTree = "<group>";
		};
		BA1D88111F3EA0C5004957A9 /* Home */ = {
			isa = PBXGroup;
			children = (
				BA1D88201F42CEE9004957A9 /* Controller */,
				BA1D88211F42CEE9004957A9 /* Model */,
				BA1D88221F42CEE9004957A9 /* View */,
				BAA97DF81F6A2E94009370B6 /* ViewModel */,
			);
			path = Home;
			sourceTree = "<group>";
		};
		BA1D88121F3EA0C5004957A9 /* Live */ = {
			isa = PBXGroup;
			children = (
				BA1D88231F42CF0D004957A9 /* Controller */,
				BA1D88241F42CF0D004957A9 /* Model */,
				BA1D88251F42CF0D004957A9 /* View */,
			);
			path = Live;
			sourceTree = "<group>";
		};
		BA1D88131F3EA0C5004957A9 /* Main */ = {
			isa = PBXGroup;
			children = (
				BA1D88341F42F41C004957A9 /* Controller */,
				BA1D88351F42F41C004957A9 /* Model */,
				BA1D88361F42F41C004957A9 /* View */,
				BAA97E211F814AE3009370B6 /* ViewModel */,
			);
			path = Main;
			sourceTree = "<group>";
		};
		BA1D88141F3EA0C5004957A9 /* Profile */ = {
			isa = PBXGroup;
			children = (
				BA1D88291F42CFA6004957A9 /* Controller */,
				BA1D882A1F42CFA6004957A9 /* Model */,
				BA1D882B1F42CFA6004957A9 /* View */,
			);
			path = Profile;
			sourceTree = "<group>";
		};
		BA1D88151F3EA0C5004957A9 /* Tools */ = {
			isa = PBXGroup;
			children = (
				BA1D88391F43065A004957A9 /* Extension */,
				BA1D883E1F443E0F004957A9 /* Common.swift */,
				BAA97DF61F6907B0009370B6 /* NetworkTools.swift */,
			);
			path = Tools;
			sourceTree = "<group>";
		};
		BA1D88201F42CEE9004957A9 /* Controller */ = {
			isa = PBXGroup;
			children = (
				BA1D882E1F42D55A004957A9 /* Home.storyboard */,
				BA1D88371F42F46B004957A9 /* HomeViewController.swift */,
				BAAD803C1F5ECE5200CF02D2 /* RecommendViewController.swift */,
				BAA97E151F793D51009370B6 /* GameViewController.swift */,
				BAA97E1D1F7E6FD0009370B6 /* AmuseViewController.swift */,
				BA5F89481F82386B002C857C /* FunnyViewController.swift */,
			);
			path = Controller;
			sourceTree = "<group>";
		};
		BA1D88211F42CEE9004957A9 /* Model */ = {
			isa = PBXGroup;
			children = (
				BAA97E071F726AA1009370B6 /* CycleModel.swift */,
				BAA97E191F794918009370B6 /* GameModel.swift */,
			);
			path = Model;
			sourceTree = "<group>";
		};
		BA1D88221F42CEE9004957A9 /* View */ = {
			isa = PBXGroup;
			children = (
				BAAD803E1F5F92DB00CF02D2 /* CollectionHeaderView.swift */,
				BAAD80401F5F930400CF02D2 /* CollectionHeaderView.xib */,
				BAA97E031F72039F009370B6 /* RecommendCycleView.swift */,
				BAA97E051F7203CB009370B6 /* RecommendCycleView.xib */,
				BAA97E091F726F73009370B6 /* CollectionCycleCell.swift */,
				BAA97E0B1F726F93009370B6 /* CollectionCycleCell.xib */,
				BAA97E0D1F73660E009370B6 /* RecommendGameView.swift */,
				BAA97E0F1F736621009370B6 /* RecommendGameView.xib */,
				BAA97E111F736B12009370B6 /* CollectionGameCell.swift */,
				BAA97E121F736B12009370B6 /* CollectionGameCell.xib */,
				BA5F89401F821637002C857C /* AmuseMenuView.swift */,
				BA5F89421F821658002C857C /* AmuseMenuView.xib */,
				BA5F89441F822737002C857C /* AmuseMenuViewCell.swift */,
				BA5F89451F822737002C857C /* AmuseMenuViewCell.xib */,
			);
			path = View;
			sourceTree = "<group>";
		};
		BA1D88231F42CF0D004957A9 /* Controller */ = {
			isa = PBXGroup;
			children = (
				BA1D882C1F42D520004957A9 /* Live.storyboard */,
			);
			path = Controller;
			sourceTree = "<group>";
		};
		BA1D88241F42CF0D004957A9 /* Model */ = {
			isa = PBXGroup;
			children = (
			);
			path = Model;
			sourceTree = "<group>";
		};
		BA1D88251F42CF0D004957A9 /* View */ = {
			isa = PBXGroup;
			children = (
			);
			path = View;
			sourceTree = "<group>";
		};
		BA1D88261F42CF97004957A9 /* Controller */ = {
			isa = PBXGroup;
			children = (
				BA1D88301F42D563004957A9 /* Follow.storyboard */,
			);
			path = Controller;
			sourceTree = "<group>";
		};
		BA1D88271F42CF97004957A9 /* Model */ = {
			isa = PBXGroup;
			children = (
			);
			path = Model;
			sourceTree = "<group>";
		};
		BA1D88281F42CF97004957A9 /* View */ = {
			isa = PBXGroup;
			children = (
			);
			path = View;
			sourceTree = "<group>";
		};
		BA1D88291F42CFA6004957A9 /* Controller */ = {
			isa = PBXGroup;
			children = (
				BA1D88321F42D56A004957A9 /* Profile.storyboard */,
			);
			path = Controller;
			sourceTree = "<group>";
		};
		BA1D882A1F42CFA6004957A9 /* Model */ = {
			isa = PBXGroup;
			children = (
			);
			path = Model;
			sourceTree = "<group>";
		};
		BA1D882B1F42CFA6004957A9 /* View */ = {
			isa = PBXGroup;
			children = (
			);
			path = View;
			sourceTree = "<group>";
		};
		BA1D88341F42F41C004957A9 /* Controller */ = {
			isa = PBXGroup;
			children = (
				BA1D87E11F3DD380004957A9 /* Main.storyboard */,
				BAA97E241F814FF9009370B6 /* BaseAnchorViewController.swift */,
				BA5F894C1F8CAB28002C857C /* BaseViewController.swift */,
			);
			path = Controller;
			sourceTree = "<group>";
		};
		BA1D88351F42F41C004957A9 /* Model */ = {
			isa = PBXGroup;
			children = (
				BAA97DFD1F6BA95A009370B6 /* AnchorGroup.swift */,
				BAA97DFF1F6BED63009370B6 /* AnchorModel.swift */,
				BAA97E1B1F794A7B009370B6 /* BaseGameModel.swift */,
			);
			path = Model;
			sourceTree = "<group>";
		};
		BA1D88361F42F41C004957A9 /* View */ = {
			isa = PBXGroup;
			children = (
				BA1D883C1F441B98004957A9 /* PageTitleView.swift */,
				BA1D88401F45A4DD004957A9 /* PageContentView.swift */,
				BA9BFCE71F657C9900094866 /* CollectionNormalCell.swift */,
				BA9BFCE81F657C9900094866 /* CollectionNormalCell.xib */,
				BA9BFCEB1F66B75400094866 /* CollectionPrettyCell.swift */,
				BA9BFCEC1F66B75400094866 /* CollectionPrettyCell.xib */,
				BAA97E011F712AC7009370B6 /* CollectionBaseCell.swift */,
			);
			path = View;
			sourceTree = "<group>";
		};
		BA1D88391F43065A004957A9 /* Extension */ = {
			isa = PBXGroup;
			children = (
				BA1D883A1F43196D004957A9 /* UIBarButtonItem-Extension.swift */,
				BA1D88421F45A822004957A9 /* UIColor-Extension.swift */,
				BAA97DFB1F6B8B10009370B6 /* NSDate-Extension.swift */,
			);
			path = Extension;
			sourceTree = "<group>";
		};
		BAA97DF81F6A2E94009370B6 /* ViewModel */ = {
			isa = PBXGroup;
			children = (
				BAA97DF91F6A5BDC009370B6 /* RecommendViewModel.swift */,
				BAA97E171F7946E4009370B6 /* GameViewModel.swift */,
				BAA97E1F1F8145CB009370B6 /* AmuseViewModel.swift */,
				BA5F894A1F8A1DD7002C857C /* FunnyViewModel.swift */,
			);
			path = ViewModel;
			sourceTree = "<group>";
		};
		BAA97E211F814AE3009370B6 /* ViewModel */ = {
			isa = PBXGroup;
			children = (
				BAA97E221F814B12009370B6 /* BaseViewModel.swift */,
			);
			name = ViewModel;
			path = View/ViewModel;
			sourceTree = "<group>";
		};
/* End PBXGroup section */

/* Begin PBXNativeTarget section */
		BA1D87D91F3DD380004957A9 /* DYZB */ = {
			isa = PBXNativeTarget;
			buildConfigurationList = BA1D88021F3DD380004957A9 /* Build configuration list for PBXNativeTarget "DYZB" */;
			buildPhases = (
				0FDAE9F43E10ED3F9AB62519 /* [CP] Check Pods Manifest.lock */,
				BA1D87D61F3DD380004957A9 /* Sources */,
				BA1D87D71F3DD380004957A9 /* Frameworks */,
				BA1D87D81F3DD380004957A9 /* Resources */,
				8C15269D036E3E0E6EE60D60 /* [CP] Embed Pods Frameworks */,
				42622053036760573D1BC334 /* [CP] Copy Pods Resources */,
			);
			buildRules = (
			);
			dependencies = (
			);
			name = DYZB;
			productName = DYZB;
			productReference = BA1D87DA1F3DD380004957A9 /* DYZB.app */;
			productType = "com.apple.product-type.application";
		};
		BA1D87ED1F3DD380004957A9 /* DYZBTests */ = {
			isa = PBXNativeTarget;
			buildConfigurationList = BA1D88051F3DD380004957A9 /* Build configuration list for PBXNativeTarget "DYZBTests" */;
			buildPhases = (
				BA1D87EA1F3DD380004957A9 /* Sources */,
				BA1D87EB1F3DD380004957A9 /* Frameworks */,
				BA1D87EC1F3DD380004957A9 /* Resources */,
			);
			buildRules = (
			);
			dependencies = (
				BA1D87F01F3DD380004957A9 /* PBXTargetDependency */,
			);
			name = DYZBTests;
			productName = DYZBTests;
			productReference = BA1D87EE1F3DD380004957A9 /* DYZBTests.xctest */;
			productType = "com.apple.product-type.bundle.unit-test";
		};
		BA1D87F81F3DD380004957A9 /* DYZBUITests */ = {
			isa = PBXNativeTarget;
			buildConfigurationList = BA1D88081F3DD380004957A9 /* Build configuration list for PBXNativeTarget "DYZBUITests" */;
			buildPhases = (
				BA1D87F51F3DD380004957A9 /* Sources */,
				BA1D87F61F3DD380004957A9 /* Frameworks */,
				BA1D87F71F3DD380004957A9 /* Resources */,
			);
			buildRules = (
			);
			dependencies = (
				BA1D87FB1F3DD380004957A9 /* PBXTargetDependency */,
			);
			name = DYZBUITests;
			productName = DYZBUITests;
			productReference = BA1D87F91F3DD380004957A9 /* DYZBUITests.xctest */;
			productType = "com.apple.product-type.bundle.ui-testing";
		};
/* End PBXNativeTarget section */

/* Begin PBXProject section */
		BA1D87D21F3DD380004957A9 /* Project object */ = {
			isa = PBXProject;
			attributes = {
				LastSwiftUpdateCheck = 0830;
				LastUpgradeCheck = 0830;
				ORGANIZATIONNAME = "任楚伊";
				TargetAttributes = {
					BA1D87D91F3DD380004957A9 = {
						CreatedOnToolsVersion = 8.3.3;
						ProvisioningStyle = Automatic;
					};
					BA1D87ED1F3DD380004957A9 = {
						CreatedOnToolsVersion = 8.3.3;
						ProvisioningStyle = Automatic;
						TestTargetID = BA1D87D91F3DD380004957A9;
					};
					BA1D87F81F3DD380004957A9 = {
						CreatedOnToolsVersion = 8.3.3;
						ProvisioningStyle = Automatic;
						TestTargetID = BA1D87D91F3DD380004957A9;
					};
				};
			};
			buildConfigurationList = BA1D87D51F3DD380004957A9 /* Build configuration list for PBXProject "DYZB" */;
			compatibilityVersion = "Xcode 3.2";
			developmentRegion = English;
			hasScannedForEncodings = 0;
			knownRegions = (
				en,
				Base,
			);
			mainGroup = BA1D87D11F3DD380004957A9;
			productRefGroup = BA1D87DB1F3DD380004957A9 /* Products */;
			projectDirPath = "";
			projectRoot = "";
			targets = (
				BA1D87D91F3DD380004957A9 /* DYZB */,
				BA1D87ED1F3DD380004957A9 /* DYZBTests */,
				BA1D87F81F3DD380004957A9 /* DYZBUITests */,
			);
		};
/* End PBXProject section */

/* Begin PBXResourcesBuildPhase section */
		BA1D87D81F3DD380004957A9 /* Resources */ = {
			isa = PBXResourcesBuildPhase;
			buildActionMask = 2147483647;
			files = (
				BA1D87E81F3DD380004957A9 /* LaunchScreen.storyboard in Resources */,
				BA5F89471F822737002C857C /* AmuseMenuViewCell.xib in Resources */,
				BAAD80411F5F930400CF02D2 /* CollectionHeaderView.xib in Resources */,
				BA9BFCEA1F657C9900094866 /* CollectionNormalCell.xib in Resources */,
				BA1D882F1F42D55A004957A9 /* Home.storyboard in Resources */,
				BA1D87E51F3DD380004957A9 /* Assets.xcassets in Resources */,
				BA1D87E31F3DD380004957A9 /* Main.storyboard in Resources */,
				BA1D882D1F42D520004957A9 /* Live.storyboard in Resources */,
				BAA97E141F736B12009370B6 /* CollectionGameCell.xib in Resources */,
				BA5F89431F821658002C857C /* AmuseMenuView.xib in Resources */,
				BAA97E061F7203CB009370B6 /* RecommendCycleView.xib in Resources */,
				BAA97E0C1F726F93009370B6 /* CollectionCycleCell.xib in Resources */,
				BA9BFCEE1F66B75400094866 /* CollectionPrettyCell.xib in Resources */,
				BA1D88331F42D56A004957A9 /* Profile.storyboard in Resources */,
				BAA97E101F736621009370B6 /* RecommendGameView.xib in Resources */,
				BA1D88311F42D563004957A9 /* Follow.storyboard in Resources */,
			);
			runOnlyForDeploymentPostprocessing = 0;
		};
		BA1D87EC1F3DD380004957A9 /* Resources */ = {
			isa = PBXResourcesBuildPhase;
			buildActionMask = 2147483647;
			files = (
			);
			runOnlyForDeploymentPostprocessing = 0;
		};
		BA1D87F71F3DD380004957A9 /* Resources */ = {
			isa = PBXResourcesBuildPhase;
			buildActionMask = 2147483647;
			files = (
			);
			runOnlyForDeploymentPostprocessing = 0;
		};
/* End PBXResourcesBuildPhase section */

/* Begin PBXShellScriptBuildPhase section */
		0FDAE9F43E10ED3F9AB62519 /* [CP] Check Pods Manifest.lock */ = {
			isa = PBXShellScriptBuildPhase;
			buildActionMask = 2147483647;
			files = (
			);
			inputPaths = (
			);
			name = "[CP] Check Pods Manifest.lock";
			outputPaths = (
			);
			runOnlyForDeploymentPostprocessing = 0;
			shellPath = /bin/sh;
			shellScript = "diff \"${PODS_ROOT}/../Podfile.lock\" \"${PODS_ROOT}/Manifest.lock\" > /dev/null\nif [ $? != 0 ] ; then\n    # print error to STDERR\n    echo \"error: The sandbox is not in sync with the Podfile.lock. Run 'pod install' or update your CocoaPods installation.\" >&2\n    exit 1\nfi\n";
			showEnvVarsInLog = 0;
		};
		42622053036760573D1BC334 /* [CP] Copy Pods Resources */ = {
			isa = PBXShellScriptBuildPhase;
			buildActionMask = 2147483647;
			files = (
			);
			inputPaths = (
			);
			name = "[CP] Copy Pods Resources";
			outputPaths = (
			);
			runOnlyForDeploymentPostprocessing = 0;
			shellPath = /bin/sh;
			shellScript = "\"${SRCROOT}/Pods/Target Support Files/Pods-DYZB/Pods-DYZB-resources.sh\"\n";
			showEnvVarsInLog = 0;
		};
		8C15269D036E3E0E6EE60D60 /* [CP] Embed Pods Frameworks */ = {
			isa = PBXShellScriptBuildPhase;
			buildActionMask = 2147483647;
			files = (
			);
			inputPaths = (
			);
			name = "[CP] Embed Pods Frameworks";
			outputPaths = (
			);
			runOnlyForDeploymentPostprocessing = 0;
			shellPath = /bin/sh;
			shellScript = "\"${SRCROOT}/Pods/Target Support Files/Pods-DYZB/Pods-DYZB-frameworks.sh\"\n";
			showEnvVarsInLog = 0;
		};
/* End PBXShellScriptBuildPhase section */

/* Begin PBXSourcesBuildPhase section */
		BA1D87D61F3DD380004957A9 /* Sources */ = {
			isa = PBXSourcesBuildPhase;
			buildActionMask = 2147483647;
			files = (
				BAA97E1A1F794918009370B6 /* GameModel.swift in Sources */,
				BAAD803F1F5F92DB00CF02D2 /* CollectionHeaderView.swift in Sources */,
				BAA97E201F8145CB009370B6 /* AmuseViewModel.swift in Sources */,
				BA1D883D1F441B98004957A9 /* PageTitleView.swift in Sources */,
				BAAD803D1F5ECE5200CF02D2 /* RecommendViewController.swift in Sources */,
				BA5F894D1F8CAB28002C857C /* BaseViewController.swift in Sources */,
				BA1D88411F45A4DD004957A9 /* PageContentView.swift in Sources */,
				BAA97E021F712AC7009370B6 /* CollectionBaseCell.swift in Sources */,
				BA9BFCE91F657C9900094866 /* CollectionNormalCell.swift in Sources */,
				BA9BFCED1F66B75400094866 /* CollectionPrettyCell.swift in Sources */,
				BA1D87DE1F3DD380004957A9 /* AppDelegate.swift in Sources */,
				BAA97E041F72039F009370B6 /* RecommendCycleView.swift in Sources */,
				BAA97E1C1F794A7B009370B6 /* BaseGameModel.swift in Sources */,
				BA5F89411F821637002C857C /* AmuseMenuView.swift in Sources */,
				BAA97E251F814FF9009370B6 /* BaseAnchorViewController.swift in Sources */,
				BA1D88381F42F46B004957A9 /* HomeViewController.swift in Sources */,
				BAA97E001F6BED63009370B6 /* AnchorModel.swift in Sources */,
				BAA97DF71F6907B0009370B6 /* NetworkTools.swift in Sources */,
				BAA97E181F7946E4009370B6 /* GameViewModel.swift in Sources */,
				BAA97E1E1F7E6FD0009370B6 /* AmuseViewController.swift in Sources */,
				BA1D883F1F443E0F004957A9 /* Common.swift in Sources */,
				BA5F89491F82386B002C857C /* FunnyViewController.swift in Sources */,
				BAA97DFC1F6B8B10009370B6 /* NSDate-Extension.swift in Sources */,
				BAA97E161F793D51009370B6 /* GameViewController.swift in Sources */,
				BAA97E0E1F73660E009370B6 /* RecommendGameView.swift in Sources */,
				BAA97E131F736B12009370B6 /* CollectionGameCell.swift in Sources */,
				BAA97E081F726AA1009370B6 /* CycleModel.swift in Sources */,
				BAA97E231F814B12009370B6 /* BaseViewModel.swift in Sources */,
				BA1D88431F45A822004957A9 /* UIColor-Extension.swift in Sources */,
				BAA97E0A1F726F73009370B6 /* CollectionCycleCell.swift in Sources */,
				BAA97DFE1F6BA95A009370B6 /* AnchorGroup.swift in Sources */,
				BA5F89461F822737002C857C /* AmuseMenuViewCell.swift in Sources */,
				BA1D883B1F43196D004957A9 /* UIBarButtonItem-Extension.swift in Sources */,
				BAA97DFA1F6A5BDC009370B6 /* RecommendViewModel.swift in Sources */,
				BA5F894B1F8A1DD7002C857C /* FunnyViewModel.swift in Sources */,
			);
			runOnlyForDeploymentPostprocessing = 0;
		};
		BA1D87EA1F3DD380004957A9 /* Sources */ = {
			isa = PBXSourcesBuildPhase;
			buildActionMask = 2147483647;
			files = (
				BA1D87F31F3DD380004957A9 /* DYZBTests.swift in Sources */,
			);
			runOnlyForDeploymentPostprocessing = 0;
		};
		BA1D87F51F3DD380004957A9 /* Sources */ = {
			isa = PBXSourcesBuildPhase;
			buildActionMask = 2147483647;
			files = (
				BA1D87FE1F3DD380004957A9 /* DYZBUITests.swift in Sources */,
			);
			runOnlyForDeploymentPostprocessing = 0;
		};
/* End PBXSourcesBuildPhase section */

/* Begin PBXTargetDependency section */
		BA1D87F01F3DD380004957A9 /* PBXTargetDependency */ = {
			isa = PBXTargetDependency;
			target = BA1D87D91F3DD380004957A9 /* DYZB */;
			targetProxy = BA1D87EF1F3DD380004957A9 /* PBXContainerItemProxy */;
		};
		BA1D87FB1F3DD380004957A9 /* PBXTargetDependency */ = {
			isa = PBXTargetDependency;
			target = BA1D87D91F3DD380004957A9 /* DYZB */;
			targetProxy = BA1D87FA1F3DD380004957A9 /* PBXContainerItemProxy */;
		};
/* End PBXTargetDependency section */

/* Begin PBXVariantGroup section */
		BA1D87E11F3DD380004957A9 /* Main.storyboard */ = {
			isa = PBXVariantGroup;
			children = (
				BA1D87E21F3DD380004957A9 /* Base */,
			);
			name = Main.storyboard;
			path = ../../..;
			sourceTree = "<group>";
		};
		BA1D87E61F3DD380004957A9 /* LaunchScreen.storyboard */ = {
			isa = PBXVariantGroup;
			children = (
				BA1D87E71F3DD380004957A9 /* Base */,
			);
			name = LaunchScreen.storyboard;
			sourceTree = "<group>";
		};
/* End PBXVariantGroup section */

/* Begin XCBuildConfiguration section */
		BA1D88001F3DD380004957A9 /* Debug */ = {
			isa = XCBuildConfiguration;
			buildSettings = {
				ALWAYS_SEARCH_USER_PATHS = NO;
				CLANG_ANALYZER_NONNULL = YES;
				CLANG_ANALYZER_NUMBER_OBJECT_CONVERSION = YES_AGGRESSIVE;
				CLANG_CXX_LANGUAGE_STANDARD = "gnu++0x";
				CLANG_CXX_LIBRARY = "libc++";
				CLANG_ENABLE_MODULES = YES;
				CLANG_ENABLE_OBJC_ARC = YES;
				CLANG_WARN_BOOL_CONVERSION = YES;
				CLANG_WARN_CONSTANT_CONVERSION = YES;
				CLANG_WARN_DIRECT_OBJC_ISA_USAGE = YES_ERROR;
				CLANG_WARN_DOCUMENTATION_COMMENTS = YES;
				CLANG_WARN_EMPTY_BODY = YES;
				CLANG_WARN_ENUM_CONVERSION = YES;
				CLANG_WARN_INFINITE_RECURSION = YES;
				CLANG_WARN_INT_CONVERSION = YES;
				CLANG_WARN_OBJC_ROOT_CLASS = YES_ERROR;
				CLANG_WARN_SUSPICIOUS_MOVE = YES;
				CLANG_WARN_UNREACHABLE_CODE = YES;
				CLANG_WARN__DUPLICATE_METHOD_MATCH = YES;
				"CODE_SIGN_IDENTITY[sdk=iphoneos*]" = "iPhone Developer";
				COPY_PHASE_STRIP = NO;
				DEBUG_INFORMATION_FORMAT = dwarf;
				ENABLE_STRICT_OBJC_MSGSEND = YES;
				ENABLE_TESTABILITY = YES;
				GCC_C_LANGUAGE_STANDARD = gnu99;
				GCC_DYNAMIC_NO_PIC = NO;
				GCC_NO_COMMON_BLOCKS = YES;
				GCC_OPTIMIZATION_LEVEL = 0;
				GCC_PREPROCESSOR_DEFINITIONS = (
					"DEBUG=1",
					"$(inherited)",
				);
				GCC_WARN_64_TO_32_BIT_CONVERSION = YES;
				GCC_WARN_ABOUT_RETURN_TYPE = YES_ERROR;
				GCC_WARN_UNDECLARED_SELECTOR = YES;
				GCC_WARN_UNINITIALIZED_AUTOS = YES_AGGRESSIVE;
				GCC_WARN_UNUSED_FUNCTION = YES;
				GCC_WARN_UNUSED_VARIABLE = YES;
				IPHONEOS_DEPLOYMENT_TARGET = 10.3;
				MTL_ENABLE_DEBUG_INFO = YES;
				ONLY_ACTIVE_ARCH = YES;
				SDKROOT = iphoneos;
				SWIFT_ACTIVE_COMPILATION_CONDITIONS = DEBUG;
				SWIFT_OPTIMIZATION_LEVEL = "-Onone";
			};
			name = Debug;
		};
		BA1D88011F3DD380004957A9 /* Release */ = {
			isa = XCBuildConfiguration;
			buildSettings = {
				ALWAYS_SEARCH_USER_PATHS = NO;
				CLANG_ANALYZER_NONNULL = YES;
				CLANG_ANALYZER_NUMBER_OBJECT_CONVERSION = YES_AGGRESSIVE;
				CLANG_CXX_LANGUAGE_STANDARD = "gnu++0x";
				CLANG_CXX_LIBRARY = "libc++";
				CLANG_ENABLE_MODULES = YES;
				CLANG_ENABLE_OBJC_ARC = YES;
				CLANG_WARN_BOOL_CONVERSION = YES;
				CLANG_WARN_CONSTANT_CONVERSION = YES;
				CLANG_WARN_DIRECT_OBJC_ISA_USAGE = YES_ERROR;
				CLANG_WARN_DOCUMENTATION_COMMENTS = YES;
				CLANG_WARN_EMPTY_BODY = YES;
				CLANG_WARN_ENUM_CONVERSION = YES;
				CLANG_WARN_INFINITE_RECURSION = YES;
				CLANG_WARN_INT_CONVERSION = YES;
				CLANG_WARN_OBJC_ROOT_CLASS = YES_ERROR;
				CLANG_WARN_SUSPICIOUS_MOVE = YES;
				CLANG_WARN_UNREACHABLE_CODE = YES;
				CLANG_WARN__DUPLICATE_METHOD_MATCH = YES;
				"CODE_SIGN_IDENTITY[sdk=iphoneos*]" = "iPhone Developer";
				COPY_PHASE_STRIP = NO;
				DEBUG_INFORMATION_FORMAT = "dwarf-with-dsym";
				ENABLE_NS_ASSERTIONS = NO;
				ENABLE_STRICT_OBJC_MSGSEND = YES;
				GCC_C_LANGUAGE_STANDARD = gnu99;
				GCC_NO_COMMON_BLOCKS = YES;
				GCC_WARN_64_TO_32_BIT_CONVERSION = YES;
				GCC_WARN_ABOUT_RETURN_TYPE = YES_ERROR;
				GCC_WARN_UNDECLARED_SELECTOR = YES;
				GCC_WARN_UNINITIALIZED_AUTOS = YES_AGGRESSIVE;
				GCC_WARN_UNUSED_FUNCTION = YES;
				GCC_WARN_UNUSED_VARIABLE = YES;
				IPHONEOS_DEPLOYMENT_TARGET = 10.3;
				MTL_ENABLE_DEBUG_INFO = NO;
				SDKROOT = iphoneos;
				SWIFT_OPTIMIZATION_LEVEL = "-Owholemodule";
				VALIDATE_PRODUCT = YES;
			};
			name = Release;
		};
		BA1D88031F3DD380004957A9 /* Debug */ = {
			isa = XCBuildConfiguration;
			baseConfigurationReference = 6A06F1A8AA2E75726BAA61EB /* Pods-DYZB.debug.xcconfig */;
			buildSettings = {
				ASSETCATALOG_COMPILER_APPICON_NAME = AppIcon;
				ASSETCATALOG_COMPILER_LAUNCHIMAGE_NAME = LaunchImage;
				INFOPLIST_FILE = DYZB/Info.plist;
				IPHONEOS_DEPLOYMENT_TARGET = 9.0;
				LD_RUNPATH_SEARCH_PATHS = "$(inherited) @executable_path/Frameworks";
				PRODUCT_BUNDLE_IDENTIFIER = com.rcy.DYZB;
				PRODUCT_NAME = "$(TARGET_NAME)";
				SWIFT_VERSION = 3.0;
			};
			name = Debug;
		};
		BA1D88041F3DD380004957A9 /* Release */ = {
			isa = XCBuildConfiguration;
			baseConfigurationReference = 977ACFF370C80120BB061E05 /* Pods-DYZB.release.xcconfig */;
			buildSettings = {
				ASSETCATALOG_COMPILER_APPICON_NAME = AppIcon;
				ASSETCATALOG_COMPILER_LAUNCHIMAGE_NAME = LaunchImage;
				INFOPLIST_FILE = DYZB/Info.plist;
				IPHONEOS_DEPLOYMENT_TARGET = 9.0;
				LD_RUNPATH_SEARCH_PATHS = "$(inherited) @executable_path/Frameworks";
				PRODUCT_BUNDLE_IDENTIFIER = com.rcy.DYZB;
				PRODUCT_NAME = "$(TARGET_NAME)";
				SWIFT_VERSION = 3.0;
			};
			name = Release;
		};
		BA1D88061F3DD380004957A9 /* Debug */ = {
			isa = XCBuildConfiguration;
			buildSettings = {
				ALWAYS_EMBED_SWIFT_STANDARD_LIBRARIES = YES;
				BUNDLE_LOADER = "$(TEST_HOST)";
				INFOPLIST_FILE = DYZBTests/Info.plist;
				LD_RUNPATH_SEARCH_PATHS = "$(inherited) @executable_path/Frameworks @loader_path/Frameworks";
				PRODUCT_BUNDLE_IDENTIFIER = com.rcy.DYZBTests;
				PRODUCT_NAME = "$(TARGET_NAME)";
				SWIFT_VERSION = 3.0;
				TEST_HOST = "$(BUILT_PRODUCTS_DIR)/DYZB.app/DYZB";
			};
			name = Debug;
		};
		BA1D88071F3DD380004957A9 /* Release */ = {
			isa = XCBuildConfiguration;
			buildSettings = {
				ALWAYS_EMBED_SWIFT_STANDARD_LIBRARIES = YES;
				BUNDLE_LOADER = "$(TEST_HOST)";
				INFOPLIST_FILE = DYZBTests/Info.plist;
				LD_RUNPATH_SEARCH_PATHS = "$(inherited) @executable_path/Frameworks @loader_path/Frameworks";
				PRODUCT_BUNDLE_IDENTIFIER = com.rcy.DYZBTests;
				PRODUCT_NAME = "$(TARGET_NAME)";
				SWIFT_VERSION = 3.0;
				TEST_HOST = "$(BUILT_PRODUCTS_DIR)/DYZB.app/DYZB";
			};
			name = Release;
		};
		BA1D88091F3DD380004957A9 /* Debug */ = {
			isa = XCBuildConfiguration;
			buildSettings = {
				ALWAYS_EMBED_SWIFT_STANDARD_LIBRARIES = YES;
				INFOPLIST_FILE = DYZBUITests/Info.plist;
				LD_RUNPATH_SEARCH_PATHS = "$(inherited) @executable_path/Frameworks @loader_path/Frameworks";
				PRODUCT_BUNDLE_IDENTIFIER = com.rcy.DYZBUITests;
				PRODUCT_NAME = "$(TARGET_NAME)";
				SWIFT_VERSION = 3.0;
				TEST_TARGET_NAME = DYZB;
			};
			name = Debug;
		};
		BA1D880A1F3DD380004957A9 /* Release */ = {
			isa = XCBuildConfiguration;
			buildSettings = {
				ALWAYS_EMBED_SWIFT_STANDARD_LIBRARIES = YES;
				INFOPLIST_FILE = DYZBUITests/Info.plist;
				LD_RUNPATH_SEARCH_PATHS = "$(inherited) @executable_path/Frameworks @loader_path/Frameworks";
				PRODUCT_BUNDLE_IDENTIFIER = com.rcy.DYZBUITests;
				PRODUCT_NAME = "$(TARGET_NAME)";
				SWIFT_VERSION = 3.0;
				TEST_TARGET_NAME = DYZB;
			};
			name = Release;
		};
/* End XCBuildConfiguration section */

/* Begin XCConfigurationList section */
		BA1D87D51F3DD380004957A9 /* Build configuration list for PBXProject "DYZB" */ = {
			isa = XCConfigurationList;
			buildConfigurations = (
				BA1D88001F3DD380004957A9 /* Debug */,
				BA1D88011F3DD380004957A9 /* Release */,
			);
			defaultConfigurationIsVisible = 0;
			defaultConfigurationName = Release;
		};
		BA1D88021F3DD380004957A9 /* Build configuration list for PBXNativeTarget "DYZB" */ = {
			isa = XCConfigurationList;
			buildConfigurations = (
				BA1D88031F3DD380004957A9 /* Debug */,
				BA1D88041F3DD380004957A9 /* Release */,
			);
			defaultConfigurationIsVisible = 0;
			defaultConfigurationName = Release;
		};
		BA1D88051F3DD380004957A9 /* Build configuration list for PBXNativeTarget "DYZBTests" */ = {
			isa = XCConfigurationList;
			buildConfigurations = (
				BA1D88061F3DD380004957A9 /* Debug */,
				BA1D88071F3DD380004957A9 /* Release */,
			);
			defaultConfigurationIsVisible = 0;
			defaultConfigurationName = Release;
		};
		BA1D88081F3DD380004957A9 /* Build configuration list for PBXNativeTarget "DYZBUITests" */ = {
			isa = XCConfigurationList;
			buildConfigurations = (
				BA1D88091F3DD380004957A9 /* Debug */,
				BA1D880A1F3DD380004957A9 /* Release */,
			);
			defaultConfigurationIsVisible = 0;
			defaultConfigurationName = Release;
		};
/* End XCConfigurationList section */
	};
	rootObject = BA1D87D21F3DD380004957A9 /* Project object */;
}
